
Microsoft Visual Studio Solution File, Format Version 12.00
# Visual Studio Version 17
VisualStudioVersion = 17.4.33103.184
MinimumVisualStudioVersion = 10.0.40219.1
Project("{FAE04EC0-301F-11D3-BF4B-00C04F79EFBC}") = "ModeloDeSaida", "ModeloDeSaida\ModeloDeSaida.csproj", "{BBFA4E90-7AA3-4EA2-A88F-2B96D480CBBE}"
EndProject
Global
	GlobalSection(SolutionConfigurationPlatforms) = preSolution
		Debug|Any CPU = Debug|Any CPU
		Release|Any CPU = Release|Any CPU
	EndGlobalSection
	GlobalSection(ProjectConfigurationPlatforms) = postSolution
		{BBFA4E90-7AA3-4EA2-A88F-2B96D480CBBE}.Debug|Any CPU.ActiveCfg = Debug|Any CPU
		{BBFA4E90-7AA3-4EA2-A88F-2B96D480CBBE}.Debug|Any CPU.Build.0 = Debug|Any CPU
		{BBFA4E90-7AA3-4EA2-A88F-2B96D480CBBE}.Release|Any CPU.ActiveCfg = Release|Any CPU
		{BBFA4E90-7AA3-4EA2-A88F-2B96D480CBBE}.Release|Any CPU.Build.0 = Release|Any CPU
	EndGlobalSection
	GlobalSection(SolutionProperties) = preSolution
		HideSolutionNode = FALSE
	EndGlobalSection
	GlobalSection(ExtensibilityGlobals) = postSolution
		SolutionGuid = {AB24EB6C-3E15-4269-85CE-550B5DA0587E}
	EndGlobalSection
EndGlobal
