
Microsoft Visual Studio Solution File, Format Version 12.00
# Visual Studio Version 17
VisualStudioVersion = 17.4.33103.184
MinimumVisualStudioVersion = 10.0.40219.1
Project("{FAE04EC0-301F-11D3-BF4B-00C04F79EFBC}") = "CoordenadasDeUmPonto_1041", "CoordenadasDeUmPonto_1041\CoordenadasDeUmPonto_1041.csproj", "{9AD12C95-FB87-4BC6-AF0F-39DEC1DCEFCE}"
EndProject
Global
	GlobalSection(SolutionConfigurationPlatforms) = preSolution
		Debug|Any CPU = Debug|Any CPU
		Release|Any CPU = Release|Any CPU
	EndGlobalSection
	GlobalSection(ProjectConfigurationPlatforms) = postSolution
		{9AD12C95-FB87-4BC6-AF0F-39DEC1DCEFCE}.Debug|Any CPU.ActiveCfg = Debug|Any CPU
		{9AD12C95-FB87-4BC6-AF0F-39DEC1DCEFCE}.Debug|Any CPU.Build.0 = Debug|Any CPU
		{9AD12C95-FB87-4BC6-AF0F-39DEC1DCEFCE}.Release|Any CPU.ActiveCfg = Release|Any CPU
		{9AD12C95-FB87-4BC6-AF0F-39DEC1DCEFCE}.Release|Any CPU.Build.0 = Release|Any CPU
	EndGlobalSection
	GlobalSection(SolutionProperties) = preSolution
		HideSolutionNode = FALSE
	EndGlobalSection
	GlobalSection(ExtensibilityGlobals) = postSolution
		SolutionGuid = {27B31485-94A6-47F4-A483-50795995EDDF}
	EndGlobalSection
EndGlobal
