
Microsoft Visual Studio Solution File, Format Version 12.00
# Visual Studio Version 17
VisualStudioVersion = 17.4.33103.184
MinimumVisualStudioVersion = 10.0.40219.1
Project("{FAE04EC0-301F-11D3-BF4B-00C04F79EFBC}") = "DDD_1050", "DDD_1050\DDD_1050.csproj", "{81BCFBD3-3B1A-4FEF-9A16-74125F2C663B}"
EndProject
Global
	GlobalSection(SolutionConfigurationPlatforms) = preSolution
		Debug|Any CPU = Debug|Any CPU
		Release|Any CPU = Release|Any CPU
	EndGlobalSection
	GlobalSection(ProjectConfigurationPlatforms) = postSolution
		{81BCFBD3-3B1A-4FEF-9A16-74125F2C663B}.Debug|Any CPU.ActiveCfg = Debug|Any CPU
		{81BCFBD3-3B1A-4FEF-9A16-74125F2C663B}.Debug|Any CPU.Build.0 = Debug|Any CPU
		{81BCFBD3-3B1A-4FEF-9A16-74125F2C663B}.Release|Any CPU.ActiveCfg = Release|Any CPU
		{81BCFBD3-3B1A-4FEF-9A16-74125F2C663B}.Release|Any CPU.Build.0 = Release|Any CPU
	EndGlobalSection
	GlobalSection(SolutionProperties) = preSolution
		HideSolutionNode = FALSE
	EndGlobalSection
	GlobalSection(ExtensibilityGlobals) = postSolution
		SolutionGuid = {927B453A-4583-4D96-8AAD-E4F38692A087}
	EndGlobalSection
EndGlobal
