
Microsoft Visual Studio Solution File, Format Version 12.00
# Visual Studio Version 17
VisualStudioVersion = 17.4.33110.190
MinimumVisualStudioVersion = 10.0.40219.1
Project("{FAE04EC0-301F-11D3-BF4B-00C04F79EFBC}") = "TiposDeTriangulos_1045", "TiposDeTriangulos_1045\TiposDeTriangulos_1045.csproj", "{D3B3734D-80FB-4E85-8333-6641FC37A454}"
EndProject
Global
	GlobalSection(SolutionConfigurationPlatforms) = preSolution
		Debug|Any CPU = Debug|Any CPU
		Release|Any CPU = Release|Any CPU
	EndGlobalSection
	GlobalSection(ProjectConfigurationPlatforms) = postSolution
		{D3B3734D-80FB-4E85-8333-6641FC37A454}.Debug|Any CPU.ActiveCfg = Debug|Any CPU
		{D3B3734D-80FB-4E85-8333-6641FC37A454}.Debug|Any CPU.Build.0 = Debug|Any CPU
		{D3B3734D-80FB-4E85-8333-6641FC37A454}.Release|Any CPU.ActiveCfg = Release|Any CPU
		{D3B3734D-80FB-4E85-8333-6641FC37A454}.Release|Any CPU.Build.0 = Release|Any CPU
	EndGlobalSection
	GlobalSection(SolutionProperties) = preSolution
		HideSolutionNode = FALSE
	EndGlobalSection
	GlobalSection(ExtensibilityGlobals) = postSolution
		SolutionGuid = {96351792-F7D3-41AA-BA61-62ACE22F6788}
	EndGlobalSection
EndGlobal
