
Microsoft Visual Studio Solution File, Format Version 12.00
# Visual Studio Version 17
VisualStudioVersion = 17.4.33103.184
MinimumVisualStudioVersion = 10.0.40219.1
Project("{FAE04EC0-301F-11D3-BF4B-00C04F79EFBC}") = "Atividade_LocateCar", "Atividade_LocateCar\Atividade_LocateCar.csproj", "{CC4B6B1D-808A-4A2B-9AB9-A55AD86C0BF9}"
EndProject
Global
	GlobalSection(SolutionConfigurationPlatforms) = preSolution
		Debug|Any CPU = Debug|Any CPU
		Release|Any CPU = Release|Any CPU
	EndGlobalSection
	GlobalSection(ProjectConfigurationPlatforms) = postSolution
		{CC4B6B1D-808A-4A2B-9AB9-A55AD86C0BF9}.Debug|Any CPU.ActiveCfg = Debug|Any CPU
		{CC4B6B1D-808A-4A2B-9AB9-A55AD86C0BF9}.Debug|Any CPU.Build.0 = Debug|Any CPU
		{CC4B6B1D-808A-4A2B-9AB9-A55AD86C0BF9}.Release|Any CPU.ActiveCfg = Release|Any CPU
		{CC4B6B1D-808A-4A2B-9AB9-A55AD86C0BF9}.Release|Any CPU.Build.0 = Release|Any CPU
	EndGlobalSection
	GlobalSection(SolutionProperties) = preSolution
		HideSolutionNode = FALSE
	EndGlobalSection
	GlobalSection(ExtensibilityGlobals) = postSolution
		SolutionGuid = {9F6F2F41-169E-4610-A85A-8042E2056553}
	EndGlobalSection
EndGlobal
