
Microsoft Visual Studio Solution File, Format Version 12.00
# Visual Studio Version 17
VisualStudioVersion = 17.4.33103.184
MinimumVisualStudioVersion = 10.0.40219.1
Project("{FAE04EC0-301F-11D3-BF4B-00C04F79EFBC}") = "ImpostoDeRenda_1051", "ImpostoDeRenda_1051\ImpostoDeRenda_1051.csproj", "{867CD21B-59C7-401E-9E91-5B5CEEC63BF3}"
EndProject
Global
	GlobalSection(SolutionConfigurationPlatforms) = preSolution
		Debug|Any CPU = Debug|Any CPU
		Release|Any CPU = Release|Any CPU
	EndGlobalSection
	GlobalSection(ProjectConfigurationPlatforms) = postSolution
		{867CD21B-59C7-401E-9E91-5B5CEEC63BF3}.Debug|Any CPU.ActiveCfg = Debug|Any CPU
		{867CD21B-59C7-401E-9E91-5B5CEEC63BF3}.Debug|Any CPU.Build.0 = Debug|Any CPU
		{867CD21B-59C7-401E-9E91-5B5CEEC63BF3}.Release|Any CPU.ActiveCfg = Release|Any CPU
		{867CD21B-59C7-401E-9E91-5B5CEEC63BF3}.Release|Any CPU.Build.0 = Release|Any CPU
	EndGlobalSection
	GlobalSection(SolutionProperties) = preSolution
		HideSolutionNode = FALSE
	EndGlobalSection
	GlobalSection(ExtensibilityGlobals) = postSolution
		SolutionGuid = {C964BCBC-A97D-4E10-A690-694AF4704B07}
	EndGlobalSection
EndGlobal
