
Microsoft Visual Studio Solution File, Format Version 12.00
# Visual Studio Version 17
VisualStudioVersion = 17.4.33103.184
MinimumVisualStudioVersion = 10.0.40219.1
Project("{FAE04EC0-301F-11D3-BF4B-00C04F79EFBC}") = "Triangulo_1043", "Triangulo_1043\Triangulo_1043.csproj", "{5A85A910-E7E9-4D88-B9D3-7C2E31FF3DD8}"
EndProject
Global
	GlobalSection(SolutionConfigurationPlatforms) = preSolution
		Debug|Any CPU = Debug|Any CPU
		Release|Any CPU = Release|Any CPU
	EndGlobalSection
	GlobalSection(ProjectConfigurationPlatforms) = postSolution
		{5A85A910-E7E9-4D88-B9D3-7C2E31FF3DD8}.Debug|Any CPU.ActiveCfg = Debug|Any CPU
		{5A85A910-E7E9-4D88-B9D3-7C2E31FF3DD8}.Debug|Any CPU.Build.0 = Debug|Any CPU
		{5A85A910-E7E9-4D88-B9D3-7C2E31FF3DD8}.Release|Any CPU.ActiveCfg = Release|Any CPU
		{5A85A910-E7E9-4D88-B9D3-7C2E31FF3DD8}.Release|Any CPU.Build.0 = Release|Any CPU
	EndGlobalSection
	GlobalSection(SolutionProperties) = preSolution
		HideSolutionNode = FALSE
	EndGlobalSection
	GlobalSection(ExtensibilityGlobals) = postSolution
		SolutionGuid = {4461F15D-D66C-4DB3-9A5B-0A2E4B6479BB}
	EndGlobalSection
EndGlobal
